// !$*UTF8*$!
{
	archiveVersion = 1;
	classes = {
	};
	objectVersion = 51;
	objects = {

/* Begin PBXBuildFile section */
		42CF31A8F43FEF02195A09BE /* Pods_GistAppMVVM.framework in Frameworks */ = {isa = PBXBuildFile; fileRef = 990BABD530B6BA354024E407 /* Pods_GistAppMVVM.framework */; };
		745D8334255978BA007A3CE3 /* DetailViewController.swift in Sources */ = {isa = PBXBuildFile; fileRef = 745D8332255978BA007A3CE3 /* DetailViewController.swift */; };
		745D833925597A00007A3CE3 /* DetailViewModelType.swift in Sources */ = {isa = PBXBuildFile; fileRef = 745D833825597A00007A3CE3 /* DetailViewModelType.swift */; };
		745D834225597DF8007A3CE3 /* DetailViewModel.swift in Sources */ = {isa = PBXBuildFile; fileRef = 745D834125597DF8007A3CE3 /* DetailViewModel.swift */; };
		745D8348255981DE007A3CE3 /* DetailViewController.storyboard in Resources */ = {isa = PBXBuildFile; fileRef = 745D8347255981DE007A3CE3 /* DetailViewController.storyboard */; };
		745D83622559CD1F007A3CE3 /* DateService.swift in Sources */ = {isa = PBXBuildFile; fileRef = 745D83612559CD1F007A3CE3 /* DateService.swift */; };
		745D83652559DF3D007A3CE3 /* LocalizedStrings.swift in Sources */ = {isa = PBXBuildFile; fileRef = 745D83642559DF3D007A3CE3 /* LocalizedStrings.swift */; };
		745D836A2559E1CA007A3CE3 /* AppConstants.swift in Sources */ = {isa = PBXBuildFile; fileRef = 745D83692559E1CA007A3CE3 /* AppConstants.swift */; };
		745D836F255A6F42007A3CE3 /* ErrorAlertService.swift in Sources */ = {isa = PBXBuildFile; fileRef = 745D836E255A6F42007A3CE3 /* ErrorAlertService.swift */; };
		749E62FB255848F900D4BF19 /* AppDelegate.swift in Sources */ = {isa = PBXBuildFile; fileRef = 749E62FA255848F900D4BF19 /* AppDelegate.swift */; };
		749E62FD255848F900D4BF19 /* SceneDelegate.swift in Sources */ = {isa = PBXBuildFile; fileRef = 749E62FC255848F900D4BF19 /* SceneDelegate.swift */; };
		749E6302255848F900D4BF19 /* Main.storyboard in Resources */ = {isa = PBXBuildFile; fileRef = 749E6300255848F900D4BF19 /* Main.storyboard */; };
		749E6304255848FB00D4BF19 /* Assets.xcassets in Resources */ = {isa = PBXBuildFile; fileRef = 749E6303255848FB00D4BF19 /* Assets.xcassets */; };
		749E6307255848FB00D4BF19 /* LaunchScreen.storyboard in Resources */ = {isa = PBXBuildFile; fileRef = 749E6305255848FB00D4BF19 /* LaunchScreen.storyboard */; };
		749E63122558499200D4BF19 /* TableViewController.swift in Sources */ = {isa = PBXBuildFile; fileRef = 749E63102558499200D4BF19 /* TableViewController.swift */; };
		749E631625584A9A00D4BF19 /* Gist.swift in Sources */ = {isa = PBXBuildFile; fileRef = 749E631525584A9A00D4BF19 /* Gist.swift */; };
		749E631C25584EB000D4BF19 /* CustomCell.xib in Resources */ = {isa = PBXBuildFile; fileRef = 749E631A25584EB000D4BF19 /* CustomCell.xib */; };
		749E631D25584EB000D4BF19 /* GistListCell.swift in Sources */ = {isa = PBXBuildFile; fileRef = 749E631B25584EB000D4BF19 /* GistListCell.swift */; };
		749E63232558503E00D4BF19 /* TableViewModel.swift in Sources */ = {isa = PBXBuildFile; fileRef = 749E63222558503E00D4BF19 /* TableViewModel.swift */; };
		749E632E2558551200D4BF19 /* TableViewViewModelType.swift in Sources */ = {isa = PBXBuildFile; fileRef = 749E63252558539700D4BF19 /* TableViewViewModelType.swift */; };
		74CCD27D25585F12001C3DB6 /* CellViewModelType.swift in Sources */ = {isa = PBXBuildFile; fileRef = 74CCD27C25585F12001C3DB6 /* CellViewModelType.swift */; };
		74CCD2812558605C001C3DB6 /* CellViewModel.swift in Sources */ = {isa = PBXBuildFile; fileRef = 74CCD2802558605C001C3DB6 /* CellViewModel.swift */; };
		74CCD28925586712001C3DB6 /* NetworkService.swift in Sources */ = {isa = PBXBuildFile; fileRef = 74CCD28825586712001C3DB6 /* NetworkService.swift */; };
		74CCD28F255867B8001C3DB6 /* NetworkErrorService.swift in Sources */ = {isa = PBXBuildFile; fileRef = 74CCD28E255867B8001C3DB6 /* NetworkErrorService.swift */; };
/* End PBXBuildFile section */

/* Begin PBXFileReference section */
		745D8332255978BA007A3CE3 /* DetailViewController.swift */ = {isa = PBXFileReference; lastKnownFileType = sourcecode.swift; path = DetailViewController.swift; sourceTree = "<group>"; };
		745D833825597A00007A3CE3 /* DetailViewModelType.swift */ = {isa = PBXFileReference; lastKnownFileType = sourcecode.swift; path = DetailViewModelType.swift; sourceTree = "<group>"; };
		745D834125597DF8007A3CE3 /* DetailViewModel.swift */ = {isa = PBXFileReference; lastKnownFileType = sourcecode.swift; path = DetailViewModel.swift; sourceTree = "<group>"; };
		745D8347255981DE007A3CE3 /* DetailViewController.storyboard */ = {isa = PBXFileReference; lastKnownFileType = file.storyboard; path = DetailViewController.storyboard; sourceTree = "<group>"; };
		745D83612559CD1F007A3CE3 /* DateService.swift */ = {isa = PBXFileReference; lastKnownFileType = sourcecode.swift; path = DateService.swift; sourceTree = "<group>"; };
		745D83642559DF3D007A3CE3 /* LocalizedStrings.swift */ = {isa = PBXFileReference; lastKnownFileType = sourcecode.swift; path = LocalizedStrings.swift; sourceTree = "<group>"; };
		745D83692559E1CA007A3CE3 /* AppConstants.swift */ = {isa = PBXFileReference; lastKnownFileType = sourcecode.swift; path = AppConstants.swift; sourceTree = "<group>"; };
		745D836E255A6F42007A3CE3 /* ErrorAlertService.swift */ = {isa = PBXFileReference; lastKnownFileType = sourcecode.swift; path = ErrorAlertService.swift; sourceTree = "<group>"; };
		749E62F7255848F900D4BF19 /* GistAppMVVM.app */ = {isa = PBXFileReference; explicitFileType = wrapper.application; includeInIndex = 0; path = GistAppMVVM.app; sourceTree = BUILT_PRODUCTS_DIR; };
		749E62FA255848F900D4BF19 /* AppDelegate.swift */ = {isa = PBXFileReference; lastKnownFileType = sourcecode.swift; path = AppDelegate.swift; sourceTree = "<group>"; };
		749E62FC255848F900D4BF19 /* SceneDelegate.swift */ = {isa = PBXFileReference; lastKnownFileType = sourcecode.swift; path = SceneDelegate.swift; sourceTree = "<group>"; };
		749E6301255848F900D4BF19 /* Base */ = {isa = PBXFileReference; lastKnownFileType = file.storyboard; name = Base; path = Base.lproj/Main.storyboard; sourceTree = "<group>"; };
		749E6303255848FB00D4BF19 /* Assets.xcassets */ = {isa = PBXFileReference; lastKnownFileType = folder.assetcatalog; path = Assets.xcassets; sourceTree = "<group>"; };
		749E6306255848FB00D4BF19 /* Base */ = {isa = PBXFileReference; lastKnownFileType = file.storyboard; name = Base; path = Base.lproj/LaunchScreen.storyboard; sourceTree = "<group>"; };
		749E6308255848FB00D4BF19 /* Info.plist */ = {isa = PBXFileReference; lastKnownFileType = text.plist.xml; path = Info.plist; sourceTree = "<group>"; };
		749E63102558499200D4BF19 /* TableViewController.swift */ = {isa = PBXFileReference; lastKnownFileType = sourcecode.swift; path = TableViewController.swift; sourceTree = "<group>"; };
		749E631525584A9A00D4BF19 /* Gist.swift */ = {isa = PBXFileReference; lastKnownFileType = sourcecode.swift; path = Gist.swift; sourceTree = "<group>"; };
		749E631A25584EB000D4BF19 /* CustomCell.xib */ = {isa = PBXFileReference; fileEncoding = 4; lastKnownFileType = file.xib; path = CustomCell.xib; sourceTree = "<group>"; };
		749E631B25584EB000D4BF19 /* GistListCell.swift */ = {isa = PBXFileReference; fileEncoding = 4; lastKnownFileType = sourcecode.swift; path = GistListCell.swift; sourceTree = "<group>"; };
		749E63222558503E00D4BF19 /* TableViewModel.swift */ = {isa = PBXFileReference; lastKnownFileType = sourcecode.swift; path = TableViewModel.swift; sourceTree = "<group>"; };
		749E63252558539700D4BF19 /* TableViewViewModelType.swift */ = {isa = PBXFileReference; lastKnownFileType = sourcecode.swift; path = TableViewViewModelType.swift; sourceTree = "<group>"; };
		74CCD27C25585F12001C3DB6 /* CellViewModelType.swift */ = {isa = PBXFileReference; lastKnownFileType = sourcecode.swift; path = CellViewModelType.swift; sourceTree = "<group>"; };
		74CCD2802558605C001C3DB6 /* CellViewModel.swift */ = {isa = PBXFileReference; lastKnownFileType = sourcecode.swift; path = CellViewModel.swift; sourceTree = "<group>"; };
		74CCD28825586712001C3DB6 /* NetworkService.swift */ = {isa = PBXFileReference; lastKnownFileType = sourcecode.swift; path = NetworkService.swift; sourceTree = "<group>"; };
		74CCD28E255867B8001C3DB6 /* NetworkErrorService.swift */ = {isa = PBXFileReference; lastKnownFileType = sourcecode.swift; path = NetworkErrorService.swift; sourceTree = "<group>"; };
		8FC1A3D3E194F6AE5769D3F9 /* Pods-GistAppMVVM.release.xcconfig */ = {isa = PBXFileReference; includeInIndex = 1; lastKnownFileType = text.xcconfig; name = "Pods-GistAppMVVM.release.xcconfig"; path = "Target Support Files/Pods-GistAppMVVM/Pods-GistAppMVVM.release.xcconfig"; sourceTree = "<group>"; };
		990BABD530B6BA354024E407 /* Pods_GistAppMVVM.framework */ = {isa = PBXFileReference; explicitFileType = wrapper.framework; includeInIndex = 0; path = Pods_GistAppMVVM.framework; sourceTree = BUILT_PRODUCTS_DIR; };
		99C434CA56C96AFDF715B9FD /* Pods-GistAppMVVM.debug.xcconfig */ = {isa = PBXFileReference; includeInIndex = 1; lastKnownFileType = text.xcconfig; name = "Pods-GistAppMVVM.debug.xcconfig"; path = "Target Support Files/Pods-GistAppMVVM/Pods-GistAppMVVM.debug.xcconfig"; sourceTree = "<group>"; };
/* End PBXFileReference section */

/* Begin PBXFrameworksBuildPhase section */
		749E62F4255848F900D4BF19 /* Frameworks */ = {
			isa = PBXFrameworksBuildPhase;
			buildActionMask = 2147483647;
			files = (
				42CF31A8F43FEF02195A09BE /* Pods_GistAppMVVM.framework in Frameworks */,
			);
			runOnlyForDeploymentPostprocessing = 0;
		};
/* End PBXFrameworksBuildPhase section */

/* Begin PBXGroup section */
		0F708B18446B60C3CAD3C139 /* Pods */ = {
			isa = PBXGroup;
			children = (
				99C434CA56C96AFDF715B9FD /* Pods-GistAppMVVM.debug.xcconfig */,
				8FC1A3D3E194F6AE5769D3F9 /* Pods-GistAppMVVM.release.xcconfig */,
			);
			path = Pods;
			sourceTree = "<group>";
		};
		673AB447C19569F6306DBE46 /* Frameworks */ = {
			isa = PBXGroup;
			children = (
				990BABD530B6BA354024E407 /* Pods_GistAppMVVM.framework */,
			);
			name = Frameworks;
			sourceTree = "<group>";
		};
		745D833B25597A9A007A3CE3 /* Scenes */ = {
			isa = PBXGroup;
			children = (
				745D83562559998B007A3CE3 /* Cell */,
				745D833C25597AA5007A3CE3 /* Table */,
				745D833D25597AFA007A3CE3 /* DetailedInfo */,
			);
			path = Scenes;
			sourceTree = "<group>";
		};
		745D833C25597AA5007A3CE3 /* Table */ = {
			isa = PBXGroup;
			children = (
				745D8377255A8B79007A3CE3 /* Protocols */,
				749E6328255853FC00D4BF19 /* ViewModel */,
				749E631F25584EB500D4BF19 /* View */,
			);
			path = Table;
			sourceTree = "<group>";
		};
		745D833D25597AFA007A3CE3 /* DetailedInfo */ = {
			isa = PBXGroup;
			children = (
				745D8378255A8B7D007A3CE3 /* Protocols */,
				745D833F25597B82007A3CE3 /* ViewModel */,
				745D833E25597B29007A3CE3 /* View */,
			);
			path = DetailedInfo;
			sourceTree = "<group>";
		};
		745D833E25597B29007A3CE3 /* View */ = {
			isa = PBXGroup;
			children = (
				745D8332255978BA007A3CE3 /* DetailViewController.swift */,
				745D8347255981DE007A3CE3 /* DetailViewController.storyboard */,
			);
			path = View;
			sourceTree = "<group>";
		};
		745D833F25597B82007A3CE3 /* ViewModel */ = {
			isa = PBXGroup;
			children = (
				745D834125597DF8007A3CE3 /* DetailViewModel.swift */,
			);
			path = ViewModel;
			sourceTree = "<group>";
		};
		745D83562559998B007A3CE3 /* Cell */ = {
			isa = PBXGroup;
			children = (
				745D8376255A8B62007A3CE3 /* Protocols */,
				745D8358255999A7007A3CE3 /* ViewModel */,
				745D835725599994007A3CE3 /* View */,
			);
			path = Cell;
			sourceTree = "<group>";
		};
		745D835725599994007A3CE3 /* View */ = {
			isa = PBXGroup;
			children = (
				749E631A25584EB000D4BF19 /* CustomCell.xib */,
				749E631B25584EB000D4BF19 /* GistListCell.swift */,
			);
			path = View;
			sourceTree = "<group>";
		};
		745D8358255999A7007A3CE3 /* ViewModel */ = {
			isa = PBXGroup;
			children = (
				74CCD2802558605C001C3DB6 /* CellViewModel.swift */,
			);
			path = ViewModel;
			sourceTree = "<group>";
		};
		745D83672559E178007A3CE3 /* Helpers */ = {
			isa = PBXGroup;
			children = (
				745D83642559DF3D007A3CE3 /* LocalizedStrings.swift */,
				745D83692559E1CA007A3CE3 /* AppConstants.swift */,
			);
			path = Helpers;
			sourceTree = "<group>";
		};
		745D8376255A8B62007A3CE3 /* Protocols */ = {
			isa = PBXGroup;
			children = (
				74CCD27C25585F12001C3DB6 /* CellViewModelType.swift */,
			);
			path = Protocols;
			sourceTree = "<group>";
		};
		745D8377255A8B79007A3CE3 /* Protocols */ = {
			isa = PBXGroup;
			children = (
				749E63252558539700D4BF19 /* TableViewViewModelType.swift */,
			);
			path = Protocols;
			sourceTree = "<group>";
		};
		745D8378255A8B7D007A3CE3 /* Protocols */ = {
			isa = PBXGroup;
			children = (
				745D833825597A00007A3CE3 /* DetailViewModelType.swift */,
			);
			path = Protocols;
			sourceTree = "<group>";
		};
		749E62EE255848F900D4BF19 = {
			isa = PBXGroup;
			children = (
				749E62F9255848F900D4BF19 /* GistAppMVVM */,
				749E62F8255848F900D4BF19 /* Products */,
				0F708B18446B60C3CAD3C139 /* Pods */,
				673AB447C19569F6306DBE46 /* Frameworks */,
			);
			sourceTree = "<group>";
		};
		749E62F8255848F900D4BF19 /* Products */ = {
			isa = PBXGroup;
			children = (
				749E62F7255848F900D4BF19 /* GistAppMVVM.app */,
			);
			name = Products;
			sourceTree = "<group>";
		};
		749E62F9255848F900D4BF19 /* GistAppMVVM */ = {
			isa = PBXGroup;
			children = (
				749E62FA255848F900D4BF19 /* AppDelegate.swift */,
				749E62FC255848F900D4BF19 /* SceneDelegate.swift */,
				745D833B25597A9A007A3CE3 /* Scenes */,
				749E631825584AAA00D4BF19 /* Model */,
				74CCD28325586670001C3DB6 /* Services */,
				745D83672559E178007A3CE3 /* Helpers */,
				749E6303255848FB00D4BF19 /* Assets.xcassets */,
				749E6305255848FB00D4BF19 /* LaunchScreen.storyboard */,
				749E6308255848FB00D4BF19 /* Info.plist */,
			);
			path = GistAppMVVM;
			sourceTree = "<group>";
		};
		749E631825584AAA00D4BF19 /* Model */ = {
			isa = PBXGroup;
			children = (
				749E631525584A9A00D4BF19 /* Gist.swift */,
			);
			path = Model;
			sourceTree = "<group>";
		};
		749E631F25584EB500D4BF19 /* View */ = {
			isa = PBXGroup;
			children = (
				749E6300255848F900D4BF19 /* Main.storyboard */,
				749E63102558499200D4BF19 /* TableViewController.swift */,
			);
			path = View;
			sourceTree = "<group>";
		};
		749E6328255853FC00D4BF19 /* ViewModel */ = {
			isa = PBXGroup;
			children = (
				749E63222558503E00D4BF19 /* TableViewModel.swift */,
			);
			path = ViewModel;
			sourceTree = "<group>";
		};
		74CCD28325586670001C3DB6 /* Services */ = {
			isa = PBXGroup;
			children = (
				74CCD2842558667E001C3DB6 /* Network */,
				74CCD28E255867B8001C3DB6 /* NetworkErrorService.swift */,
				745D836E255A6F42007A3CE3 /* ErrorAlertService.swift */,
				745D83612559CD1F007A3CE3 /* DateService.swift */,
			);
			path = Services;
			sourceTree = "<group>";
		};
		74CCD2842558667E001C3DB6 /* Network */ = {
			isa = PBXGroup;
			children = (
				74CCD28825586712001C3DB6 /* NetworkService.swift */,
			);
			path = Network;
			sourceTree = "<group>";
		};
/* End PBXGroup section */

/* Begin PBXNativeTarget section */
		749E62F6255848F900D4BF19 /* GistAppMVVM */ = {
			isa = PBXNativeTarget;
			buildConfigurationList = 749E630B255848FB00D4BF19 /* Build configuration list for PBXNativeTarget "GistAppMVVM" */;
			buildPhases = (
				B9CF219CB594B9241C994A2D /* [CP] Check Pods Manifest.lock */,
				749E62F3255848F900D4BF19 /* Sources */,
				749E62F4255848F900D4BF19 /* Frameworks */,
				749E62F5255848F900D4BF19 /* Resources */,
				DCE5AB214A7ECC9158232573 /* [CP] Embed Pods Frameworks */,
			);
			buildRules = (
			);
			dependencies = (
			);
			name = GistAppMVVM;
			productName = GistAppMVVM;
			productReference = 749E62F7255848F900D4BF19 /* GistAppMVVM.app */;
			productType = "com.apple.product-type.application";
		};
/* End PBXNativeTarget section */

/* Begin PBXProject section */
		749E62EF255848F900D4BF19 /* Project object */ = {
			isa = PBXProject;
			attributes = {
				LastSwiftUpdateCheck = 1200;
				LastUpgradeCheck = 1200;
				TargetAttributes = {
					749E62F6255848F900D4BF19 = {
						CreatedOnToolsVersion = 12.0.1;
					};
				};
			};
			buildConfigurationList = 749E62F2255848F900D4BF19 /* Build configuration list for PBXProject "GistAppMVVM" */;
			compatibilityVersion = "Xcode 9.3";
			developmentRegion = en;
			hasScannedForEncodings = 0;
			knownRegions = (
				en,
				Base,
			);
			mainGroup = 749E62EE255848F900D4BF19;
			productRefGroup = 749E62F8255848F900D4BF19 /* Products */;
			projectDirPath = "";
			projectRoot = "";
			targets = (
				749E62F6255848F900D4BF19 /* GistAppMVVM */,
			);
		};
/* End PBXProject section */

/* Begin PBXResourcesBuildPhase section */
		749E62F5255848F900D4BF19 /* Resources */ = {
			isa = PBXResourcesBuildPhase;
			buildActionMask = 2147483647;
			files = (
				749E6307255848FB00D4BF19 /* LaunchScreen.storyboard in Resources */,
				749E6304255848FB00D4BF19 /* Assets.xcassets in Resources */,
				749E631C25584EB000D4BF19 /* CustomCell.xib in Resources */,
				745D8348255981DE007A3CE3 /* DetailViewController.storyboard in Resources */,
				749E6302255848F900D4BF19 /* Main.storyboard in Resources */,
			);
			runOnlyForDeploymentPostprocessing = 0;
		};
/* End PBXResourcesBuildPhase section */

/* Begin PBXShellScriptBuildPhase section */
		B9CF219CB594B9241C994A2D /* [CP] Check Pods Manifest.lock */ = {
			isa = PBXShellScriptBuildPhase;
			buildActionMask = 2147483647;
			files = (
			);
			inputFileListPaths = (
			);
			inputPaths = (
				"${PODS_PODFILE_DIR_PATH}/Podfile.lock",
				"${PODS_ROOT}/Manifest.lock",
			);
			name = "[CP] Check Pods Manifest.lock";
			outputFileListPaths = (
			);
			outputPaths = (
				"$(DERIVED_FILE_DIR)/Pods-GistAppMVVM-checkManifestLockResult.txt",
			);
			runOnlyForDeploymentPostprocessing = 0;
			shellPath = /bin/sh;
			shellScript = "diff \"${PODS_PODFILE_DIR_PATH}/Podfile.lock\" \"${PODS_ROOT}/Manifest.lock\" > /dev/null\nif [ $? != 0 ] ; then\n    # print error to STDERR\n    echo \"error: The sandbox is not in sync with the Podfile.lock. Run 'pod install' or update your CocoaPods installation.\" >&2\n    exit 1\nfi\n# This output is used by Xcode 'outputs' to avoid re-running this script phase.\necho \"SUCCESS\" > \"${SCRIPT_OUTPUT_FILE_0}\"\n";
			showEnvVarsInLog = 0;
		};
		DCE5AB214A7ECC9158232573 /* [CP] Embed Pods Frameworks */ = {
			isa = PBXShellScriptBuildPhase;
			buildActionMask = 2147483647;
			files = (
			);
			inputFileListPaths = (
				"${PODS_ROOT}/Target Support Files/Pods-GistAppMVVM/Pods-GistAppMVVM-frameworks-${CONFIGURATION}-input-files.xcfilelist",
			);
			name = "[CP] Embed Pods Frameworks";
			outputFileListPaths = (
				"${PODS_ROOT}/Target Support Files/Pods-GistAppMVVM/Pods-GistAppMVVM-frameworks-${CONFIGURATION}-output-files.xcfilelist",
			);
			runOnlyForDeploymentPostprocessing = 0;
			shellPath = /bin/sh;
			shellScript = "\"${PODS_ROOT}/Target Support Files/Pods-GistAppMVVM/Pods-GistAppMVVM-frameworks.sh\"\n";
			showEnvVarsInLog = 0;
		};
/* End PBXShellScriptBuildPhase section */

/* Begin PBXSourcesBuildPhase section */
		749E62F3255848F900D4BF19 /* Sources */ = {
			isa = PBXSourcesBuildPhase;
			buildActionMask = 2147483647;
			files = (
				745D8334255978BA007A3CE3 /* DetailViewController.swift in Sources */,
				745D836A2559E1CA007A3CE3 /* AppConstants.swift in Sources */,
				74CCD28925586712001C3DB6 /* NetworkService.swift in Sources */,
				74CCD27D25585F12001C3DB6 /* CellViewModelType.swift in Sources */,
				745D833925597A00007A3CE3 /* DetailViewModelType.swift in Sources */,
				749E632E2558551200D4BF19 /* TableViewViewModelType.swift in Sources */,
				749E631625584A9A00D4BF19 /* Gist.swift in Sources */,
				749E631D25584EB000D4BF19 /* GistListCell.swift in Sources */,
				74CCD2812558605C001C3DB6 /* CellViewModel.swift in Sources */,
				74CCD28F255867B8001C3DB6 /* NetworkErrorService.swift in Sources */,
				749E62FB255848F900D4BF19 /* AppDelegate.swift in Sources */,
				749E63232558503E00D4BF19 /* TableViewModel.swift in Sources */,
				745D83652559DF3D007A3CE3 /* LocalizedStrings.swift in Sources */,
				745D83622559CD1F007A3CE3 /* DateService.swift in Sources */,
				749E63122558499200D4BF19 /* TableViewController.swift in Sources */,
				745D836F255A6F42007A3CE3 /* ErrorAlertService.swift in Sources */,
				749E62FD255848F900D4BF19 /* SceneDelegate.swift in Sources */,
				745D834225597DF8007A3CE3 /* DetailViewModel.swift in Sources */,
			);
			runOnlyForDeploymentPostprocessing = 0;
		};
/* End PBXSourcesBuildPhase section */

/* Begin PBXVariantGroup section */
		749E6300255848F900D4BF19 /* Main.storyboard */ = {
			isa = PBXVariantGroup;
			children = (
				749E6301255848F900D4BF19 /* Base */,
			);
			name = Main.storyboard;
			sourceTree = "<group>";
		};
		749E6305255848FB00D4BF19 /* LaunchScreen.storyboard */ = {
			isa = PBXVariantGroup;
			children = (
				749E6306255848FB00D4BF19 /* Base */,
			);
			name = LaunchScreen.storyboard;
			sourceTree = "<group>";
		};
/* End PBXVariantGroup section */

/* Begin XCBuildConfiguration section */
		749E6309255848FB00D4BF19 /* Debug */ = {
			isa = XCBuildConfiguration;
			buildSettings = {
				ALWAYS_SEARCH_USER_PATHS = NO;
				CLANG_ANALYZER_NONNULL = YES;
				CLANG_ANALYZER_NUMBER_OBJECT_CONVERSION = YES_AGGRESSIVE;
				CLANG_CXX_LANGUAGE_STANDARD = "gnu++14";
				CLANG_CXX_LIBRARY = "libc++";
				CLANG_ENABLE_MODULES = YES;
				CLANG_ENABLE_OBJC_ARC = YES;
				CLANG_ENABLE_OBJC_WEAK = YES;
				CLANG_WARN_BLOCK_CAPTURE_AUTORELEASING = YES;
				CLANG_WARN_BOOL_CONVERSION = YES;
				CLANG_WARN_COMMA = YES;
				CLANG_WARN_CONSTANT_CONVERSION = YES;
				CLANG_WARN_DEPRECATED_OBJC_IMPLEMENTATIONS = YES;
				CLANG_WARN_DIRECT_OBJC_ISA_USAGE = YES_ERROR;
				CLANG_WARN_DOCUMENTATION_COMMENTS = YES;
				CLANG_WARN_EMPTY_BODY = YES;
				CLANG_WARN_ENUM_CONVERSION = YES;
				CLANG_WARN_INFINITE_RECURSION = YES;
				CLANG_WARN_INT_CONVERSION = YES;
				CLANG_WARN_NON_LITERAL_NULL_CONVERSION = YES;
				CLANG_WARN_OBJC_IMPLICIT_RETAIN_SELF = YES;
				CLANG_WARN_OBJC_LITERAL_CONVERSION = YES;
				CLANG_WARN_OBJC_ROOT_CLASS = YES_ERROR;
				CLANG_WARN_QUOTED_INCLUDE_IN_FRAMEWORK_HEADER = YES;
				CLANG_WARN_RANGE_LOOP_ANALYSIS = YES;
				CLANG_WARN_STRICT_PROTOTYPES = YES;
				CLANG_WARN_SUSPICIOUS_MOVE = YES;
				CLANG_WARN_UNGUARDED_AVAILABILITY = YES_AGGRESSIVE;
				CLANG_WARN_UNREACHABLE_CODE = YES;
				CLANG_WARN__DUPLICATE_METHOD_MATCH = YES;
				COPY_PHASE_STRIP = NO;
				DEBUG_INFORMATION_FORMAT = dwarf;
				ENABLE_STRICT_OBJC_MSGSEND = YES;
				ENABLE_TESTABILITY = YES;
				GCC_C_LANGUAGE_STANDARD = gnu11;
				GCC_DYNAMIC_NO_PIC = NO;
				GCC_NO_COMMON_BLOCKS = YES;
				GCC_OPTIMIZATION_LEVEL = 0;
				GCC_PREPROCESSOR_DEFINITIONS = (
					"DEBUG=1",
					"$(inherited)",
				);
				GCC_WARN_64_TO_32_BIT_CONVERSION = YES;
				GCC_WARN_ABOUT_RETURN_TYPE = YES_ERROR;
				GCC_WARN_UNDECLARED_SELECTOR = YES;
				GCC_WARN_UNINITIALIZED_AUTOS = YES_AGGRESSIVE;
				GCC_WARN_UNUSED_FUNCTION = YES;
				GCC_WARN_UNUSED_VARIABLE = YES;
				IPHONEOS_DEPLOYMENT_TARGET = 14.0;
				MTL_ENABLE_DEBUG_INFO = INCLUDE_SOURCE;
				MTL_FAST_MATH = YES;
				ONLY_ACTIVE_ARCH = YES;
				SDKROOT = iphoneos;
				SWIFT_ACTIVE_COMPILATION_CONDITIONS = DEBUG;
				SWIFT_OPTIMIZATION_LEVEL = "-Onone";
			};
			name = Debug;
		};
		749E630A255848FB00D4BF19 /* Release */ = {
			isa = XCBuildConfiguration;
			buildSettings = {
				ALWAYS_SEARCH_USER_PATHS = NO;
				CLANG_ANALYZER_NONNULL = YES;
				CLANG_ANALYZER_NUMBER_OBJECT_CONVERSION = YES_AGGRESSIVE;
				CLANG_CXX_LANGUAGE_STANDARD = "gnu++14";
				CLANG_CXX_LIBRARY = "libc++";
				CLANG_ENABLE_MODULES = YES;
				CLANG_ENABLE_OBJC_ARC = YES;
				CLANG_ENABLE_OBJC_WEAK = YES;
				CLANG_WARN_BLOCK_CAPTURE_AUTORELEASING = YES;
				CLANG_WARN_BOOL_CONVERSION = YES;
				CLANG_WARN_COMMA = YES;
				CLANG_WARN_CONSTANT_CONVERSION = YES;
				CLANG_WARN_DEPRECATED_OBJC_IMPLEMENTATIONS = YES;
				CLANG_WARN_DIRECT_OBJC_ISA_USAGE = YES_ERROR;
				CLANG_WARN_DOCUMENTATION_COMMENTS = YES;
				CLANG_WARN_EMPTY_BODY = YES;
				CLANG_WARN_ENUM_CONVERSION = YES;
				CLANG_WARN_INFINITE_RECURSION = YES;
				CLANG_WARN_INT_CONVERSION = YES;
				CLANG_WARN_NON_LITERAL_NULL_CONVERSION = YES;
				CLANG_WARN_OBJC_IMPLICIT_RETAIN_SELF = YES;
				CLANG_WARN_OBJC_LITERAL_CONVERSION = YES;
				CLANG_WARN_OBJC_ROOT_CLASS = YES_ERROR;
				CLANG_WARN_QUOTED_INCLUDE_IN_FRAMEWORK_HEADER = YES;
				CLANG_WARN_RANGE_LOOP_ANALYSIS = YES;
				CLANG_WARN_STRICT_PROTOTYPES = YES;
				CLANG_WARN_SUSPICIOUS_MOVE = YES;
				CLANG_WARN_UNGUARDED_AVAILABILITY = YES_AGGRESSIVE;
				CLANG_WARN_UNREACHABLE_CODE = YES;
				CLANG_WARN__DUPLICATE_METHOD_MATCH = YES;
				COPY_PHASE_STRIP = NO;
				DEBUG_INFORMATION_FORMAT = "dwarf-with-dsym";
				ENABLE_NS_ASSERTIONS = NO;
				ENABLE_STRICT_OBJC_MSGSEND = YES;
				GCC_C_LANGUAGE_STANDARD = gnu11;
				GCC_NO_COMMON_BLOCKS = YES;
				GCC_WARN_64_TO_32_BIT_CONVERSION = YES;
				GCC_WARN_ABOUT_RETURN_TYPE = YES_ERROR;
				GCC_WARN_UNDECLARED_SELECTOR = YES;
				GCC_WARN_UNINITIALIZED_AUTOS = YES_AGGRESSIVE;
				GCC_WARN_UNUSED_FUNCTION = YES;
				GCC_WARN_UNUSED_VARIABLE = YES;
				IPHONEOS_DEPLOYMENT_TARGET = 14.0;
				MTL_ENABLE_DEBUG_INFO = NO;
				MTL_FAST_MATH = YES;
				SDKROOT = iphoneos;
				SWIFT_COMPILATION_MODE = wholemodule;
				SWIFT_OPTIMIZATION_LEVEL = "-O";
				VALIDATE_PRODUCT = YES;
			};
			name = Release;
		};
		749E630C255848FB00D4BF19 /* Debug */ = {
			isa = XCBuildConfiguration;
			baseConfigurationReference = 99C434CA56C96AFDF715B9FD /* Pods-GistAppMVVM.debug.xcconfig */;
			buildSettings = {
				ASSETCATALOG_COMPILER_APPICON_NAME = AppIcon;
				ASSETCATALOG_COMPILER_GLOBAL_ACCENT_COLOR_NAME = AccentColor;
				CODE_SIGN_STYLE = Automatic;
				DEVELOPMENT_TEAM = NX67BD27T2;
				INFOPLIST_FILE = GistAppMVVM/Info.plist;
				LD_RUNPATH_SEARCH_PATHS = (
					"$(inherited)",
					"@executable_path/Frameworks",
				);
				PRODUCT_BUNDLE_IDENTIFIER = hmaraegor.GistAppMVVM;
				PRODUCT_NAME = "$(TARGET_NAME)";
				SWIFT_VERSION = 5.0;
				TARGETED_DEVICE_FAMILY = "1,2";
			};
			name = Debug;
		};
		749E630D255848FB00D4BF19 /* Release */ = {
			isa = XCBuildConfiguration;
			baseConfigurationReference = 8FC1A3D3E194F6AE5769D3F9 /* Pods-GistAppMVVM.release.xcconfig */;
			buildSettings = {
				ASSETCATALOG_COMPILER_APPICON_NAME = AppIcon;
				ASSETCATALOG_COMPILER_GLOBAL_ACCENT_COLOR_NAME = AccentColor;
				CODE_SIGN_STYLE = Automatic;
				DEVELOPMENT_TEAM = NX67BD27T2;
				INFOPLIST_FILE = GistAppMVVM/Info.plist;
				LD_RUNPATH_SEARCH_PATHS = (
					"$(inherited)",
					"@executable_path/Frameworks",
				);
				PRODUCT_BUNDLE_IDENTIFIER = hmaraegor.GistAppMVVM;
				PRODUCT_NAME = "$(TARGET_NAME)";
				SWIFT_VERSION = 5.0;
				TARGETED_DEVICE_FAMILY = "1,2";
			};
			name = Release;
		};
/* End XCBuildConfiguration section */

/* Begin XCConfigurationList section */
		749E62F2255848F900D4BF19 /* Build configuration list for PBXProject "GistAppMVVM" */ = {
			isa = XCConfigurationList;
			buildConfigurations = (
				749E6309255848FB00D4BF19 /* Debug */,
				749E630A255848FB00D4BF19 /* Release */,
			);
			defaultConfigurationIsVisible = 0;
			defaultConfigurationName = Release;
		};
		749E630B255848FB00D4BF19 /* Build configuration list for PBXNativeTarget "GistAppMVVM" */ = {
			isa = XCConfigurationList;
			buildConfigurations = (
				749E630C255848FB00D4BF19 /* Debug */,
				749E630D255848FB00D4BF19 /* Release */,
			);
			defaultConfigurationIsVisible = 0;
			defaultConfigurationName = Release;
		};
/* End XCConfigurationList section */
	};
	rootObject = 749E62EF255848F900D4BF19 /* Project object */;
}
